
Microsoft Visual Studio Solution File, Format Version 12.00
# Visual Studio Version 16
VisualStudioVersion = 16.0.29306.81
MinimumVisualStudioVersion = 10.0.40219.1
Project("{FAE04EC0-301F-11D3-BF4B-00C04F79EFBC}") = "ParkingLot", "ParkingLot.csproj", "{000E0E66-4AF5-4827-B77F-C9F6602061F4}"
EndProject
Global
	GlobalSection(SolutionConfigurationPlatforms) = preSolution
		Debug|Any CPU = Debug|Any CPU
		Release|Any CPU = Release|Any CPU
	EndGlobalSection
	GlobalSection(ProjectConfigurationPlatforms) = postSolution
		{000E0E66-4AF5-4827-B77F-C9F6602061F4}.Debug|Any CPU.ActiveCfg = Debug|Any CPU
		{000E0E66-4AF5-4827-B77F-C9F6602061F4}.Debug|Any CPU.Build.0 = Debug|Any CPU
		{000E0E66-4AF5-4827-B77F-C9F6602061F4}.Release|Any CPU.ActiveCfg = Release|Any CPU
		{000E0E66-4AF5-4827-B77F-C9F6602061F4}.Release|Any CPU.Build.0 = Release|Any CPU
	EndGlobalSection
	GlobalSection(SolutionProperties) = preSolution
		HideSolutionNode = FALSE
	EndGlobalSection
	GlobalSection(ExtensibilityGlobals) = postSolution
		SolutionGuid = {2B344D90-0C1E-436D-80F1-3225DFF14DB6}
	EndGlobalSection
EndGlobal
